
Microsoft Visual Studio Solution File, Format Version 12.00
# Visual Studio Version 16
VisualStudioVersion = 16.0.29306.81
MinimumVisualStudioVersion = 10.0.40219.1
Project("{FAE04EC0-301F-11D3-BF4B-00C04F79EFBC}") = "WMReplayTestProject.WEB", "WMReplayTestProject\WMReplayTestProject.WEB.csproj", "{97A099C3-83BE-4CF0-8120-1F87DAE1E59D}"
EndProject
Project("{FAE04EC0-301F-11D3-BF4B-00C04F79EFBC}") = "WMReplayTestProject.DAL", "WMReplayTestProject.DAL\WMReplayTestProject.DAL.csproj", "{FD6CEE26-BF48-40F2-BB90-66C7FAA7105D}"
EndProject
Project("{FAE04EC0-301F-11D3-BF4B-00C04F79EFBC}") = "WMReplayTestProject.BLL", "WMReplayTestProject.BLL\WMReplayTestProject.BLL.csproj", "{F41BE448-2A2C-447D-835C-AE283C5CF41F}"
EndProject
Global
	GlobalSection(SolutionConfigurationPlatforms) = preSolution
		Debug|Any CPU = Debug|Any CPU
		Release|Any CPU = Release|Any CPU
	EndGlobalSection
	GlobalSection(ProjectConfigurationPlatforms) = postSolution
		{97A099C3-83BE-4CF0-8120-1F87DAE1E59D}.Debug|Any CPU.ActiveCfg = Debug|Any CPU
		{97A099C3-83BE-4CF0-8120-1F87DAE1E59D}.Debug|Any CPU.Build.0 = Debug|Any CPU
		{97A099C3-83BE-4CF0-8120-1F87DAE1E59D}.Release|Any CPU.ActiveCfg = Release|Any CPU
		{97A099C3-83BE-4CF0-8120-1F87DAE1E59D}.Release|Any CPU.Build.0 = Release|Any CPU
		{FD6CEE26-BF48-40F2-BB90-66C7FAA7105D}.Debug|Any CPU.ActiveCfg = Debug|Any CPU
		{FD6CEE26-BF48-40F2-BB90-66C7FAA7105D}.Debug|Any CPU.Build.0 = Debug|Any CPU
		{FD6CEE26-BF48-40F2-BB90-66C7FAA7105D}.Release|Any CPU.ActiveCfg = Release|Any CPU
		{FD6CEE26-BF48-40F2-BB90-66C7FAA7105D}.Release|Any CPU.Build.0 = Release|Any CPU
		{F41BE448-2A2C-447D-835C-AE283C5CF41F}.Debug|Any CPU.ActiveCfg = Debug|Any CPU
		{F41BE448-2A2C-447D-835C-AE283C5CF41F}.Debug|Any CPU.Build.0 = Debug|Any CPU
		{F41BE448-2A2C-447D-835C-AE283C5CF41F}.Release|Any CPU.ActiveCfg = Release|Any CPU
		{F41BE448-2A2C-447D-835C-AE283C5CF41F}.Release|Any CPU.Build.0 = Release|Any CPU
	EndGlobalSection
	GlobalSection(SolutionProperties) = preSolution
		HideSolutionNode = FALSE
	EndGlobalSection
	GlobalSection(ExtensibilityGlobals) = postSolution
		SolutionGuid = {1D5749EB-D7E6-4555-BB73-516672B3AF4C}
	EndGlobalSection
EndGlobal
